
Microsoft Visual Studio Solution File, Format Version 12.00
# Visual Studio 15
VisualStudioVersion = 15.0.28307.106
MinimumVisualStudioVersion = 10.0.40219.1
Project("{FAE04EC0-301F-11D3-BF4B-00C04F79EFBC}") = "XmasTreeGif", "XmasTreeGif\XmasTreeGif.csproj", "{EC719D20-2219-4F55-BED4-2F9225BE31CB}"
EndProject
Global
	GlobalSection(SolutionConfigurationPlatforms) = preSolution
		Debug|Any CPU = Debug|Any CPU
		Release|Any CPU = Release|Any CPU
	EndGlobalSection
	GlobalSection(ProjectConfigurationPlatforms) = postSolution
		{EC719D20-2219-4F55-BED4-2F9225BE31CB}.Debug|Any CPU.ActiveCfg = Debug|Any CPU
		{EC719D20-2219-4F55-BED4-2F9225BE31CB}.Debug|Any CPU.Build.0 = Debug|Any CPU
		{EC719D20-2219-4F55-BED4-2F9225BE31CB}.Release|Any CPU.ActiveCfg = Release|Any CPU
		{EC719D20-2219-4F55-BED4-2F9225BE31CB}.Release|Any CPU.Build.0 = Release|Any CPU
	EndGlobalSection
	GlobalSection(SolutionProperties) = preSolution
		HideSolutionNode = FALSE
	EndGlobalSection
	GlobalSection(ExtensibilityGlobals) = postSolution
		SolutionGuid = {E565746F-5783-48B4-A8D8-4470E79BA9D2}
	EndGlobalSection
EndGlobal
